
Microsoft Visual Studio Solution File, Format Version 12.00
# Visual Studio Version 17
VisualStudioVersion = 17.14.36202.13 d17.14
MinimumVisualStudioVersion = 10.0.40219.1
Project("{FAE04EC0-301F-11D3-BF4B-00C04F79EFBC}") = "FastDexTool", "FastDexTool\FastDexTool.csproj", "{74C66DEF-3B55-4448-BEEE-90678C21EBD8}"
EndProject
Global
	GlobalSection(SolutionConfigurationPlatforms) = preSolution
		Debug|Any CPU = Debug|Any CPU
		Release|Any CPU = Release|Any CPU
	EndGlobalSection
	GlobalSection(ProjectConfigurationPlatforms) = postSolution
		{74C66DEF-3B55-4448-BEEE-90678C21EBD8}.Debug|Any CPU.ActiveCfg = Debug|Any CPU
		{74C66DEF-3B55-4448-BEEE-90678C21EBD8}.Debug|Any CPU.Build.0 = Debug|Any CPU
		{74C66DEF-3B55-4448-BEEE-90678C21EBD8}.Release|Any CPU.ActiveCfg = Release|Any CPU
		{74C66DEF-3B55-4448-BEEE-90678C21EBD8}.Release|Any CPU.Build.0 = Release|Any CPU
	EndGlobalSection
	GlobalSection(SolutionProperties) = preSolution
		HideSolutionNode = FALSE
	EndGlobalSection
	GlobalSection(ExtensibilityGlobals) = postSolution
		SolutionGuid = {49E8DE08-4CDA-4F06-BC81-13D917857C8D}
	EndGlobalSection
EndGlobal
